
Microsoft Visual Studio Solution File, Format Version 12.00
# Visual Studio Version 17
VisualStudioVersion = 17.2.32516.85
MinimumVisualStudioVersion = 10.0.40219.1
Project("{2150E333-8FDC-42A3-9474-1A3956D46DE8}") = "applications", "applications", "{013B1BFA-086A-4A03-A852-609A270BE9D5}"
EndProject
Project("{2150E333-8FDC-42A3-9474-1A3956D46DE8}") = "core", "core", "{B448F306-A893-42D0-9F4C-2D239C4C99F7}"
EndProject
Project("{2150E333-8FDC-42A3-9474-1A3956D46DE8}") = "docker", "docker", "{0E6F3C16-2D1E-4FDC-9020-2F2034D22917}"
EndProject
Project("{2150E333-8FDC-42A3-9474-1A3956D46DE8}") = "microservices", "microservices", "{385E7CA7-8210-4F3F-BA13-E6BD98C0A91C}"
EndProject
Project("{2150E333-8FDC-42A3-9474-1A3956D46DE8}") = "tests", "tests", "{B1233878-1BE4-4BB9-B076-61BAC3D82955}"
EndProject
Project("{9A19103F-16F7-4668-BE54-9A1E7A4F7556}") = "Microservice.Core", "core\Microservice.Core\Microservice.Core.csproj", "{6E8F33BB-2EAE-4582-8BDB-C6395C5703A8}"
EndProject
Project("{E53339B2-1760-4266-BCC7-CA923CBCF16C}") = "docker-compose-api", "docker\docker-compose-api\docker-compose-api.dcproj", "{9CA8CA0E-C847-4072-B29E-95F779E47ADF}"
	ProjectSection(ProjectDependencies) = postProject
		{455F5F9A-C3AA-4757-AA13-89AF514784DB} = {455F5F9A-C3AA-4757-AA13-89AF514784DB}
		{7824643D-297A-4C46-AE00-24F51279C6C2} = {7824643D-297A-4C46-AE00-24F51279C6C2}
		{B0FD236C-B4AF-481F-B427-3D9029E12A4D} = {B0FD236C-B4AF-481F-B427-3D9029E12A4D}
		{CA6D7869-833E-4AC1-AA5F-6C0D9D421A43} = {CA6D7869-833E-4AC1-AA5F-6C0D9D421A43}
		{D32E1B54-7B1F-44CF-A526-40595A982C20} = {D32E1B54-7B1F-44CF-A526-40595A982C20}
		{D8D3B9EA-83FB-449A-961D-3AA287B3381C} = {D8D3B9EA-83FB-449A-961D-3AA287B3381C}
		{EA4A79D3-5B63-4258-9315-362DD8AD2DBB} = {EA4A79D3-5B63-4258-9315-362DD8AD2DBB}
	EndProjectSection
EndProject
Project("{E53339B2-1760-4266-BCC7-CA923CBCF16C}") = "docker-compose-infrastructure", "docker\docker-compose-infrastructure\docker-compose-infrastructure.dcproj", "{D458CA0E-4072-C847-B29E-12F559E47ADF}"
EndProject
Project("{9A19103F-16F7-4668-BE54-9A1E7A4F7556}") = "Microservice.Performance.Tests", "tests\Microservice.Performance.Tests\Microservice.Performance.Tests.csproj", "{1F518EB4-9579-489E-BCFD-9EAFE769933F}"
EndProject
Project("{2150E333-8FDC-42A3-9474-1A3956D46DE8}") = "identity", "identity", "{F030A6DD-82A6-4F7E-AAA5-7BDC93C0502E}"
EndProject
Project("{2150E333-8FDC-42A3-9474-1A3956D46DE8}") = "movie", "movie", "{EB840A0F-A6F0-405C-AD95-74E8B555B7A0}"
EndProject
Project("{2150E333-8FDC-42A3-9474-1A3956D46DE8}") = "payment", "payment", "{99CE6AAF-5CC2-41A7-8808-2736CB07170A}"
EndProject
Project("{2150E333-8FDC-42A3-9474-1A3956D46DE8}") = "review", "review", "{F09C4AF3-9069-4DED-A26D-035511BA908E}"
EndProject
Project("{2150E333-8FDC-42A3-9474-1A3956D46DE8}") = "test", "test", "{086DE3B5-C2DE-48E1-B89E-A331DBCA944D}"
EndProject
Project("{9A19103F-16F7-4668-BE54-9A1E7A4F7556}") = "Microservice.Domain.MovieService.Shared", "microservices\movie\Microservice.Domain.MovieService.Shared\Microservice.Domain.MovieService.Shared.csproj", "{B8857A48-6940-4123-ACFC-8FD535B10A5F}"
EndProject
Project("{9A19103F-16F7-4668-BE54-9A1E7A4F7556}") = "Microservice.Domain.MovieService", "microservices\movie\Microservice.Domain.MovieService\Microservice.Domain.MovieService.csproj", "{97BE86F1-DDF1-45FC-81B4-0B1611C0C61B}"
EndProject
Project("{9A19103F-16F7-4668-BE54-9A1E7A4F7556}") = "Microservice.Infrastructure.MovieService", "microservices\movie\Microservice.Infrastructure.MovieService\Microservice.Infrastructure.MovieService.csproj", "{1B59553A-5CCB-421B-867C-DA056C799A34}"
EndProject
Project("{9A19103F-16F7-4668-BE54-9A1E7A4F7556}") = "Microservice.Application.MovieService", "microservices\movie\Microservice.Application.MovieService\Microservice.Application.MovieService.csproj", "{9CBEFC55-FD14-4E13-988B-1E8924DC8AA4}"
EndProject
Project("{9A19103F-16F7-4668-BE54-9A1E7A4F7556}") = "Microservice.Domain.PaymentService.Shared", "microservices\payment\Microservice.Domain.PaymentService.Shared\Microservice.Domain.PaymentService.Shared.csproj", "{A0C7A70D-7AC7-42B2-884B-6AF3BA3C9541}"
EndProject
Project("{9A19103F-16F7-4668-BE54-9A1E7A4F7556}") = "Microservice.Domain.PaymentService", "microservices\payment\Microservice.Domain.PaymentService\Microservice.Domain.PaymentService.csproj", "{A3144435-0B2A-418A-9C25-8E0F12FE3AB9}"
EndProject
Project("{9A19103F-16F7-4668-BE54-9A1E7A4F7556}") = "Microservice.Application.PaymentService", "microservices\payment\Microservice.Application.PaymentService\Microservice.Application.PaymentService.csproj", "{3F810594-7889-41B7-B06A-47791C913E30}"
EndProject
Project("{9A19103F-16F7-4668-BE54-9A1E7A4F7556}") = "Microservice.Infrastructure.PaymentService", "microservices\payment\Microservice.Infrastructure.PaymentService\Microservice.Infrastructure.PaymentService.csproj", "{E12CF4F3-0993-4B28-B281-F5ACCDA3CD98}"
EndProject
Project("{9A19103F-16F7-4668-BE54-9A1E7A4F7556}") = "Microservice.Domain.ReviewService.Shared", "microservices\review\Microservice.Domain.ReviewService.Shared\Microservice.Domain.ReviewService.Shared.csproj", "{94C14CDD-178F-4BFB-A7B6-6F81E0A83335}"
EndProject
Project("{9A19103F-16F7-4668-BE54-9A1E7A4F7556}") = "Microservice.Domain.ReviewService", "microservices\review\Microservice.Domain.ReviewService\Microservice.Domain.ReviewService.csproj", "{26DD961F-AA55-4E8E-92A2-FF24BD9C8CCB}"
EndProject
Project("{9A19103F-16F7-4668-BE54-9A1E7A4F7556}") = "Microservice.Infrastructure.ReviewService", "microservices\review\Microservice.Infrastructure.ReviewService\Microservice.Infrastructure.ReviewService.csproj", "{AC9C26A1-025A-4D5A-AB5D-A94F18ACF752}"
EndProject
Project("{9A19103F-16F7-4668-BE54-9A1E7A4F7556}") = "Microservice.Application.ReviewService", "microservices\review\Microservice.Application.ReviewService\Microservice.Application.ReviewService.csproj", "{1624C8CC-5E6B-4E67-8329-9C927F4162D8}"
EndProject
Project("{9A19103F-16F7-4668-BE54-9A1E7A4F7556}") = "Microservice.Domain.TestService.Shared", "microservices\test\Microservice.Domain.TestService.Shared\Microservice.Domain.TestService.Shared.csproj", "{A32DC5AE-F902-41BF-BF5D-4555BE64E3A9}"
EndProject
Project("{9A19103F-16F7-4668-BE54-9A1E7A4F7556}") = "Microservice.Domain.TestService", "microservices\test\Microservice.Domain.TestService\Microservice.Domain.TestService.csproj", "{A61682EC-D662-44E8-B484-D4A915ADEC44}"
EndProject
Project("{9A19103F-16F7-4668-BE54-9A1E7A4F7556}") = "Microservice.Infrastructure.TestService", "microservices\test\Microservice.Infrastructure.TestService\Microservice.Infrastructure.TestService.csproj", "{202A89BC-8C87-4657-9ECD-A6CC932D8250}"
EndProject
Project("{9A19103F-16F7-4668-BE54-9A1E7A4F7556}") = "Microservice.Application.TestService", "microservices\test\Microservice.Application.TestService\Microservice.Application.TestService.csproj", "{37FB9A07-80F9-4A1F-8489-880B11173546}"
EndProject
Project("{9A19103F-16F7-4668-BE54-9A1E7A4F7556}") = "Microservice.Api.AuthService", "applications\Microservice.Api.AuthService\Microservice.Api.AuthService.csproj", "{EA4A79D3-5B63-4258-9315-362DD8AD2DBB}"
EndProject
Project("{9A19103F-16F7-4668-BE54-9A1E7A4F7556}") = "Microservice.Api.Gateway", "applications\Microservice.Api.Gateway\Microservice.Api.Gateway.csproj", "{D8D3B9EA-83FB-449A-961D-3AA287B3381C}"
EndProject
Project("{54A90642-561A-4BB1-A94E-469ADEE60C69}") = "Microservice.App.Angular", "applications\Microservice.App.Angular\Microservice.App.Angular.esproj", "{6F7204B4-23B6-45EB-918A-DD869B1B6A98}"
EndProject
Project("{54A90642-561A-4BB1-A94E-469ADEE60C69}") = "Microservice.App.React", "applications\Microservice.App.React\Microservice.App.React.esproj", "{D7867A0F-D4C8-4648-B5A6-CDD4006AF9AE}"
EndProject
Project("{9A19103F-16F7-4668-BE54-9A1E7A4F7556}") = "Microservice.Application.IdentityService", "microservices\identity\Microservice.Application.IdentityService\Microservice.Application.IdentityService.csproj", "{BFCA81BE-9F5A-4C96-92BA-1E210967F1C9}"
EndProject
Project("{9A19103F-16F7-4668-BE54-9A1E7A4F7556}") = "Microservice.Domain.IdentityService", "microservices\identity\Microservice.Domain.IdentityService\Microservice.Domain.IdentityService.csproj", "{E9B81C44-4574-4099-9FA3-832838580F76}"
EndProject
Project("{9A19103F-16F7-4668-BE54-9A1E7A4F7556}") = "Microservice.Domain.IdentityService.Shared", "microservices\identity\Microservice.Domain.IdentityService.Shared\Microservice.Domain.IdentityService.Shared.csproj", "{32433017-2EB7-4ED6-A085-E6A15EB3D9E0}"
EndProject
Project("{9A19103F-16F7-4668-BE54-9A1E7A4F7556}") = "Microservice.Infrastructure.IdentityService", "microservices\identity\Microservice.Infrastructure.IdentityService\Microservice.Infrastructure.IdentityService.csproj", "{9FA7C51D-2C23-454C-9B35-7C6E5BC6B092}"
EndProject
Project("{9A19103F-16F7-4668-BE54-9A1E7A4F7556}") = "Microservice.Infrastructure.Abstractions", "core\Microservice.Infrastructure.Abstractions\Microservice.Infrastructure.Abstractions.csproj", "{B451A1DC-0463-412F-80D2-81F95E787750}"
EndProject
Project("{9A19103F-16F7-4668-BE54-9A1E7A4F7556}") = "Microservice.Infrastructure.EntityFrameworkCore", "core\Microservice.Infrastructure.EntityFrameworkCore\Microservice.Infrastructure.EntityFrameworkCore.csproj", "{D2F03CFF-DF50-4B92-A793-301935FDB510}"
EndProject
Project("{9A19103F-16F7-4668-BE54-9A1E7A4F7556}") = "Microservice.Api", "core\Microservice.Api\Microservice.Api.csproj", "{2295BC2F-B11A-4396-AC66-E725BC837E52}"
EndProject
Project("{9A19103F-16F7-4668-BE54-9A1E7A4F7556}") = "Microservice.Api.AspNetCore", "core\Microservice.Api.AspNetCore\Microservice.Api.AspNetCore.csproj", "{2F56A254-E164-4421-87CB-C28CD9ECD15F}"
EndProject
Project("{9A19103F-16F7-4668-BE54-9A1E7A4F7556}") = "Microservice.Api.AspNetCore.Authentication", "core\Microservice.Api.AspNetCore.Authentication\Microservice.Api.AspNetCore.Authentication.csproj", "{553E78DD-0ED5-41F5-83E6-1E202C8AE44B}"
EndProject
Project("{9A19103F-16F7-4668-BE54-9A1E7A4F7556}") = "Microservice.Api.AspNetCore.Authorization", "core\Microservice.Api.AspNetCore.Authorization\Microservice.Api.AspNetCore.Authorization.csproj", "{F74F6723-0F43-4D5C-AB0E-A287FF56B21D}"
EndProject
Project("{9A19103F-16F7-4668-BE54-9A1E7A4F7556}") = "Microservice.Api.AspNetCore.Swagger", "core\Microservice.Api.AspNetCore.Swagger\Microservice.Api.AspNetCore.Swagger.csproj", "{D0DEB3D4-8522-487A-A3D3-B6F040A69430}"
EndProject
Project("{9A19103F-16F7-4668-BE54-9A1E7A4F7556}") = "Microservice.Application.Abstractions", "core\Microservice.Application.Abstractions\Microservice.Application.Abstractions.csproj", "{C5EC74C6-77FC-44D0-98C3-C39AFCC500D4}"
EndProject
Project("{9A19103F-16F7-4668-BE54-9A1E7A4F7556}") = "Microservice.Application", "core\Microservice.Application\Microservice.Application.csproj", "{EF99E376-6E8D-4015-9A85-5B01537C8E7E}"
EndProject
Project("{9A19103F-16F7-4668-BE54-9A1E7A4F7556}") = "Microservice.Application.CQRS", "core\Microservice.Application.CQRS\Microservice.Application.CQRS.csproj", "{055CB038-4E4A-4E2F-B532-8D590D21033C}"
EndProject
Project("{9A19103F-16F7-4668-BE54-9A1E7A4F7556}") = "Microservice.Api.IdentityService", "microservices\identity\Microservice.Api.IdentityService\Microservice.Api.IdentityService.csproj", "{7824643D-297A-4C46-AE00-24F51279C6C2}"
EndProject
Project("{9A19103F-16F7-4668-BE54-9A1E7A4F7556}") = "Microservice.Api.MovieService", "microservices\movie\Microservice.Api.MovieService\Microservice.Api.MovieService.csproj", "{B0FD236C-B4AF-481F-B427-3D9029E12A4D}"
EndProject
Project("{9A19103F-16F7-4668-BE54-9A1E7A4F7556}") = "Microservice.Api.PaymentService", "microservices\payment\Microservice.Api.PaymentService\Microservice.Api.PaymentService.csproj", "{455F5F9A-C3AA-4757-AA13-89AF514784DB}"
EndProject
Project("{9A19103F-16F7-4668-BE54-9A1E7A4F7556}") = "Microservice.Api.ReviewService", "microservices\review\Microservice.Api.ReviewService\Microservice.Api.ReviewService.csproj", "{D32E1B54-7B1F-44CF-A526-40595A982C20}"
EndProject
Project("{9A19103F-16F7-4668-BE54-9A1E7A4F7556}") = "Microservice.Api.TestService", "microservices\test\Microservice.Api.TestService\Microservice.Api.TestService.csproj", "{CA6D7869-833E-4AC1-AA5F-6C0D9D421A43}"
EndProject
Project("{9A19103F-16F7-4668-BE54-9A1E7A4F7556}") = "Microservice.Application.MovieService.Abstractions", "microservices\movie\Microservice.Application.MovieService.Abstractions\Microservice.Application.MovieService.Abstractions.csproj", "{8B64B5CF-6C36-4215-BD45-246EE9473474}"
EndProject
Project("{9A19103F-16F7-4668-BE54-9A1E7A4F7556}") = "Microservice.Application.PaymentService.Abstractions", "microservices\payment\Microservice.Application.PaymentService.Abstractions\Microservice.Application.PaymentService.Abstractions.csproj", "{E89EAB31-6476-4639-AE53-A8125D1EC5B1}"
EndProject
Project("{9A19103F-16F7-4668-BE54-9A1E7A4F7556}") = "Microservice.Application.ReviewService.Abstractions", "microservices\review\Microservice.Application.ReviewService.Abstractions\Microservice.Application.ReviewService.Abstractions.csproj", "{A2BBD6EA-711B-4F1F-A6F1-C012D04495ED}"
EndProject
Project("{9A19103F-16F7-4668-BE54-9A1E7A4F7556}") = "Microservice.Application.TestService.Abstrations", "microservices\test\Microservice.Application.TestService.Abstractions\Microservice.Application.TestService.Abstrations.csproj", "{51173305-A151-4CAD-8660-95090A9AF578}"
EndProject
Project("{9A19103F-16F7-4668-BE54-9A1E7A4F7556}") = "Microservice.Tests", "core\Microservice.Tests\Microservice.Tests.csproj", "{234F9F12-F4EB-4C21-98E9-12B23B1F2004}"
EndProject
Project("{9A19103F-16F7-4668-BE54-9A1E7A4F7556}") = "Microservice.Tests.IdentityService", "microservices\identity\Microservice.Tests.IdentityService\Microservice.Tests.IdentityService.csproj", "{80507D46-98C5-497C-9DFE-7E014C7C2906}"
EndProject
Project("{9A19103F-16F7-4668-BE54-9A1E7A4F7556}") = "Microservice.Tests.MovieService", "microservices\movie\Microservice.Tests.MovieService\Microservice.Tests.MovieService.csproj", "{68C37037-EE4C-4A3C-A90F-A021EF7C0C8D}"
EndProject
Project("{9A19103F-16F7-4668-BE54-9A1E7A4F7556}") = "Microservice.Tests.PaymentService", "microservices\payment\Microservice.Tests.PaymentService\Microservice.Tests.PaymentService.csproj", "{FD19E4C4-A694-40A7-887F-98E15CAAC0D3}"
EndProject
Project("{9A19103F-16F7-4668-BE54-9A1E7A4F7556}") = "Microservice.Tests.ReviewService", "microservices\review\Microservice.Tests.ReviewService\Microservice.Tests.ReviewService.csproj", "{62F3C7AA-1510-4E9F-A3A0-8E60951C143E}"
EndProject
Project("{9A19103F-16F7-4668-BE54-9A1E7A4F7556}") = "Microservice.Tests.TestService", "microservices\test\Microservice.Tests.TestService\Microservice.Tests.TestService.csproj", "{3ED14111-BCE7-410A-9F42-D226E6E078A4}"
EndProject
Project("{9A19103F-16F7-4668-BE54-9A1E7A4F7556}") = "Microservice.Domain", "core\Microservice.Domain\Microservice.Domain.csproj", "{2007B239-FF61-4297-A1A6-476322321BD7}"
EndProject
Project("{9A19103F-16F7-4668-BE54-9A1E7A4F7556}") = "Microservice.Application.IdentityService.Abstractions", "microservices\identity\Microservice.Application.IdentityService.Abstractions\Microservice.Application.IdentityService.Abstractions.csproj", "{7F8BF764-B995-409F-8C53-65BC7BFD5C2F}"
EndProject
Project("{E53339B2-1760-4266-BCC7-CA923CBCF16C}") = "docker-compose", "docker\docker-compose\docker-compose.dcproj", "{A47CB9C5-A04B-49C0-85AA-B989C6D84BED}"
EndProject
Project("{9A19103F-16F7-4668-BE54-9A1E7A4F7556}") = "Microservice.Migrator.IdentityService", "microservices\identity\Microservice.Migrator.IdentityService\Microservice.Migrator.IdentityService.csproj", "{871EC46C-F753-4829-BC48-810CA4E6955A}"
EndProject
Project("{9A19103F-16F7-4668-BE54-9A1E7A4F7556}") = "Microservice.Migrator.MovieService", "microservices\movie\Microservice.Migrator.MovieService\Microservice.Migrator.MovieService.csproj", "{F19E3500-F64D-4457-A929-1C37FB39CC59}"
EndProject
Project("{9A19103F-16F7-4668-BE54-9A1E7A4F7556}") = "Microservice.Migrator.PaymentService", "microservices\payment\Microservice.Migrator.PaymentService\Microservice.Migrator.PaymentService.csproj", "{DF6CCEFA-4F12-41FA-8E96-E6976D89AC41}"
EndProject
Project("{9A19103F-16F7-4668-BE54-9A1E7A4F7556}") = "Microservice.Migrator.ReviewService", "microservices\review\Microservice.Migrator.ReviewService\Microservice.Migrator.ReviewService.csproj", "{481CE384-84E1-4EA7-A8EE-5FACAD4BBB23}"
EndProject
Project("{9A19103F-16F7-4668-BE54-9A1E7A4F7556}") = "Microservice.Migrator.TestService", "microservices\test\Microservice.Migrator.TestService\Microservice.Migrator.TestService.csproj", "{E2501392-2F3C-4FDD-8B95-8C9059E5B4D7}"
EndProject
Project("{2150E333-8FDC-42A3-9474-1A3956D46DE8}") = "k8s", "k8s", "{00F9D6E6-9899-4DE4-A8B5-FF228AD6B948}"
	ProjectSection(SolutionItems) = preProject
		k8s\build.ps1 = k8s\build.ps1
		k8s\run.ps1 = k8s\run.ps1
	EndProjectSection
EndProject
Project("{2150E333-8FDC-42A3-9474-1A3956D46DE8}") = "base", "base", "{26F2A7A7-6830-4DA4-9C78-0EA193143CE7}"
	ProjectSection(SolutionItems) = preProject
		k8s\base\angular-ui.yaml = k8s\base\angular-ui.yaml
		k8s\base\gateway.yaml = k8s\base\gateway.yaml
		k8s\base\identity-server.yaml = k8s\base\identity-server.yaml
		k8s\base\identity-service.yaml = k8s\base\identity-service.yaml
		k8s\base\kustomization.yaml = k8s\base\kustomization.yaml
		k8s\base\movie-service.yaml = k8s\base\movie-service.yaml
		k8s\base\payment-service.yaml = k8s\base\payment-service.yaml
		k8s\base\react-ui.yaml = k8s\base\react-ui.yaml
		k8s\base\review-service.yaml = k8s\base\review-service.yaml
		k8s\base\test-service.yaml = k8s\base\test-service.yaml
		k8s\base\_infrastructure.yaml = k8s\base\_infrastructure.yaml
		k8s\base\_ingress.yaml = k8s\base\_ingress.yaml
		k8s\base\_metrics-components.yaml = k8s\base\_metrics-components.yaml
		k8s\base\_resourse-limit.yaml = k8s\base\_resourse-limit.yaml
	EndProjectSection
EndProject
Project("{2150E333-8FDC-42A3-9474-1A3956D46DE8}") = "overlays", "overlays", "{01AACB30-15A1-4DB1-AD16-20FAA43F7F40}"
EndProject
Global
	GlobalSection(SolutionConfigurationPlatforms) = preSolution
		Debug|Any CPU = Debug|Any CPU
		Release|Any CPU = Release|Any CPU
	EndGlobalSection
	GlobalSection(ProjectConfigurationPlatforms) = postSolution
		{6E8F33BB-2EAE-4582-8BDB-C6395C5703A8}.Debug|Any CPU.ActiveCfg = Debug|Any CPU
		{6E8F33BB-2EAE-4582-8BDB-C6395C5703A8}.Debug|Any CPU.Build.0 = Debug|Any CPU
		{6E8F33BB-2EAE-4582-8BDB-C6395C5703A8}.Release|Any CPU.ActiveCfg = Release|Any CPU
		{6E8F33BB-2EAE-4582-8BDB-C6395C5703A8}.Release|Any CPU.Build.0 = Release|Any CPU
		{9CA8CA0E-C847-4072-B29E-95F779E47ADF}.Debug|Any CPU.ActiveCfg = Debug|Any CPU
		{9CA8CA0E-C847-4072-B29E-95F779E47ADF}.Debug|Any CPU.Build.0 = Debug|Any CPU
		{9CA8CA0E-C847-4072-B29E-95F779E47ADF}.Release|Any CPU.ActiveCfg = Release|Any CPU
		{9CA8CA0E-C847-4072-B29E-95F779E47ADF}.Release|Any CPU.Build.0 = Release|Any CPU
		{D458CA0E-4072-C847-B29E-12F559E47ADF}.Debug|Any CPU.ActiveCfg = Debug|Any CPU
		{D458CA0E-4072-C847-B29E-12F559E47ADF}.Debug|Any CPU.Build.0 = Debug|Any CPU
		{D458CA0E-4072-C847-B29E-12F559E47ADF}.Release|Any CPU.ActiveCfg = Release|Any CPU
		{D458CA0E-4072-C847-B29E-12F559E47ADF}.Release|Any CPU.Build.0 = Release|Any CPU
		{1F518EB4-9579-489E-BCFD-9EAFE769933F}.Debug|Any CPU.ActiveCfg = Debug|Any CPU
		{1F518EB4-9579-489E-BCFD-9EAFE769933F}.Debug|Any CPU.Build.0 = Debug|Any CPU
		{1F518EB4-9579-489E-BCFD-9EAFE769933F}.Release|Any CPU.ActiveCfg = Release|Any CPU
		{1F518EB4-9579-489E-BCFD-9EAFE769933F}.Release|Any CPU.Build.0 = Release|Any CPU
		{B8857A48-6940-4123-ACFC-8FD535B10A5F}.Debug|Any CPU.ActiveCfg = Debug|Any CPU
		{B8857A48-6940-4123-ACFC-8FD535B10A5F}.Debug|Any CPU.Build.0 = Debug|Any CPU
		{B8857A48-6940-4123-ACFC-8FD535B10A5F}.Release|Any CPU.ActiveCfg = Release|Any CPU
		{B8857A48-6940-4123-ACFC-8FD535B10A5F}.Release|Any CPU.Build.0 = Release|Any CPU
		{97BE86F1-DDF1-45FC-81B4-0B1611C0C61B}.Debug|Any CPU.ActiveCfg = Debug|Any CPU
		{97BE86F1-DDF1-45FC-81B4-0B1611C0C61B}.Debug|Any CPU.Build.0 = Debug|Any CPU
		{97BE86F1-DDF1-45FC-81B4-0B1611C0C61B}.Release|Any CPU.ActiveCfg = Release|Any CPU
		{97BE86F1-DDF1-45FC-81B4-0B1611C0C61B}.Release|Any CPU.Build.0 = Release|Any CPU
		{1B59553A-5CCB-421B-867C-DA056C799A34}.Debug|Any CPU.ActiveCfg = Debug|Any CPU
		{1B59553A-5CCB-421B-867C-DA056C799A34}.Debug|Any CPU.Build.0 = Debug|Any CPU
		{1B59553A-5CCB-421B-867C-DA056C799A34}.Release|Any CPU.ActiveCfg = Release|Any CPU
		{1B59553A-5CCB-421B-867C-DA056C799A34}.Release|Any CPU.Build.0 = Release|Any CPU
		{9CBEFC55-FD14-4E13-988B-1E8924DC8AA4}.Debug|Any CPU.ActiveCfg = Debug|Any CPU
		{9CBEFC55-FD14-4E13-988B-1E8924DC8AA4}.Debug|Any CPU.Build.0 = Debug|Any CPU
		{9CBEFC55-FD14-4E13-988B-1E8924DC8AA4}.Release|Any CPU.ActiveCfg = Release|Any CPU
		{9CBEFC55-FD14-4E13-988B-1E8924DC8AA4}.Release|Any CPU.Build.0 = Release|Any CPU
		{A0C7A70D-7AC7-42B2-884B-6AF3BA3C9541}.Debug|Any CPU.ActiveCfg = Debug|Any CPU
		{A0C7A70D-7AC7-42B2-884B-6AF3BA3C9541}.Debug|Any CPU.Build.0 = Debug|Any CPU
		{A0C7A70D-7AC7-42B2-884B-6AF3BA3C9541}.Release|Any CPU.ActiveCfg = Release|Any CPU
		{A0C7A70D-7AC7-42B2-884B-6AF3BA3C9541}.Release|Any CPU.Build.0 = Release|Any CPU
		{A3144435-0B2A-418A-9C25-8E0F12FE3AB9}.Debug|Any CPU.ActiveCfg = Debug|Any CPU
		{A3144435-0B2A-418A-9C25-8E0F12FE3AB9}.Debug|Any CPU.Build.0 = Debug|Any CPU
		{A3144435-0B2A-418A-9C25-8E0F12FE3AB9}.Release|Any CPU.ActiveCfg = Release|Any CPU
		{A3144435-0B2A-418A-9C25-8E0F12FE3AB9}.Release|Any CPU.Build.0 = Release|Any CPU
		{3F810594-7889-41B7-B06A-47791C913E30}.Debug|Any CPU.ActiveCfg = Debug|Any CPU
		{3F810594-7889-41B7-B06A-47791C913E30}.Debug|Any CPU.Build.0 = Debug|Any CPU
		{3F810594-7889-41B7-B06A-47791C913E30}.Release|Any CPU.ActiveCfg = Release|Any CPU
		{3F810594-7889-41B7-B06A-47791C913E30}.Release|Any CPU.Build.0 = Release|Any CPU
		{E12CF4F3-0993-4B28-B281-F5ACCDA3CD98}.Debug|Any CPU.ActiveCfg = Debug|Any CPU
		{E12CF4F3-0993-4B28-B281-F5ACCDA3CD98}.Debug|Any CPU.Build.0 = Debug|Any CPU
		{E12CF4F3-0993-4B28-B281-F5ACCDA3CD98}.Release|Any CPU.ActiveCfg = Release|Any CPU
		{E12CF4F3-0993-4B28-B281-F5ACCDA3CD98}.Release|Any CPU.Build.0 = Release|Any CPU
		{94C14CDD-178F-4BFB-A7B6-6F81E0A83335}.Debug|Any CPU.ActiveCfg = Debug|Any CPU
		{94C14CDD-178F-4BFB-A7B6-6F81E0A83335}.Debug|Any CPU.Build.0 = Debug|Any CPU
		{94C14CDD-178F-4BFB-A7B6-6F81E0A83335}.Release|Any CPU.ActiveCfg = Release|Any CPU
		{94C14CDD-178F-4BFB-A7B6-6F81E0A83335}.Release|Any CPU.Build.0 = Release|Any CPU
		{26DD961F-AA55-4E8E-92A2-FF24BD9C8CCB}.Debug|Any CPU.ActiveCfg = Debug|Any CPU
		{26DD961F-AA55-4E8E-92A2-FF24BD9C8CCB}.Debug|Any CPU.Build.0 = Debug|Any CPU
		{26DD961F-AA55-4E8E-92A2-FF24BD9C8CCB}.Release|Any CPU.ActiveCfg = Release|Any CPU
		{26DD961F-AA55-4E8E-92A2-FF24BD9C8CCB}.Release|Any CPU.Build.0 = Release|Any CPU
		{AC9C26A1-025A-4D5A-AB5D-A94F18ACF752}.Debug|Any CPU.ActiveCfg = Debug|Any CPU
		{AC9C26A1-025A-4D5A-AB5D-A94F18ACF752}.Debug|Any CPU.Build.0 = Debug|Any CPU
		{AC9C26A1-025A-4D5A-AB5D-A94F18ACF752}.Release|Any CPU.ActiveCfg = Release|Any CPU
		{AC9C26A1-025A-4D5A-AB5D-A94F18ACF752}.Release|Any CPU.Build.0 = Release|Any CPU
		{1624C8CC-5E6B-4E67-8329-9C927F4162D8}.Debug|Any CPU.ActiveCfg = Debug|Any CPU
		{1624C8CC-5E6B-4E67-8329-9C927F4162D8}.Debug|Any CPU.Build.0 = Debug|Any CPU
		{1624C8CC-5E6B-4E67-8329-9C927F4162D8}.Release|Any CPU.ActiveCfg = Release|Any CPU
		{1624C8CC-5E6B-4E67-8329-9C927F4162D8}.Release|Any CPU.Build.0 = Release|Any CPU
		{A32DC5AE-F902-41BF-BF5D-4555BE64E3A9}.Debug|Any CPU.ActiveCfg = Debug|Any CPU
		{A32DC5AE-F902-41BF-BF5D-4555BE64E3A9}.Debug|Any CPU.Build.0 = Debug|Any CPU
		{A32DC5AE-F902-41BF-BF5D-4555BE64E3A9}.Release|Any CPU.ActiveCfg = Release|Any CPU
		{A32DC5AE-F902-41BF-BF5D-4555BE64E3A9}.Release|Any CPU.Build.0 = Release|Any CPU
		{A61682EC-D662-44E8-B484-D4A915ADEC44}.Debug|Any CPU.ActiveCfg = Debug|Any CPU
		{A61682EC-D662-44E8-B484-D4A915ADEC44}.Debug|Any CPU.Build.0 = Debug|Any CPU
		{A61682EC-D662-44E8-B484-D4A915ADEC44}.Release|Any CPU.ActiveCfg = Release|Any CPU
		{A61682EC-D662-44E8-B484-D4A915ADEC44}.Release|Any CPU.Build.0 = Release|Any CPU
		{202A89BC-8C87-4657-9ECD-A6CC932D8250}.Debug|Any CPU.ActiveCfg = Debug|Any CPU
		{202A89BC-8C87-4657-9ECD-A6CC932D8250}.Debug|Any CPU.Build.0 = Debug|Any CPU
		{202A89BC-8C87-4657-9ECD-A6CC932D8250}.Release|Any CPU.ActiveCfg = Release|Any CPU
		{202A89BC-8C87-4657-9ECD-A6CC932D8250}.Release|Any CPU.Build.0 = Release|Any CPU
		{37FB9A07-80F9-4A1F-8489-880B11173546}.Debug|Any CPU.ActiveCfg = Debug|Any CPU
		{37FB9A07-80F9-4A1F-8489-880B11173546}.Debug|Any CPU.Build.0 = Debug|Any CPU
		{37FB9A07-80F9-4A1F-8489-880B11173546}.Release|Any CPU.ActiveCfg = Release|Any CPU
		{37FB9A07-80F9-4A1F-8489-880B11173546}.Release|Any CPU.Build.0 = Release|Any CPU
		{6F7204B4-23B6-45EB-918A-DD869B1B6A98}.Debug|Any CPU.ActiveCfg = Debug|Any CPU
		{6F7204B4-23B6-45EB-918A-DD869B1B6A98}.Debug|Any CPU.Build.0 = Debug|Any CPU
		{6F7204B4-23B6-45EB-918A-DD869B1B6A98}.Debug|Any CPU.Deploy.0 = Debug|Any CPU
		{6F7204B4-23B6-45EB-918A-DD869B1B6A98}.Release|Any CPU.ActiveCfg = Release|Any CPU
		{6F7204B4-23B6-45EB-918A-DD869B1B6A98}.Release|Any CPU.Build.0 = Release|Any CPU
		{6F7204B4-23B6-45EB-918A-DD869B1B6A98}.Release|Any CPU.Deploy.0 = Release|Any CPU
		{D7867A0F-D4C8-4648-B5A6-CDD4006AF9AE}.Debug|Any CPU.ActiveCfg = Debug|Any CPU
		{D7867A0F-D4C8-4648-B5A6-CDD4006AF9AE}.Debug|Any CPU.Build.0 = Debug|Any CPU
		{D7867A0F-D4C8-4648-B5A6-CDD4006AF9AE}.Debug|Any CPU.Deploy.0 = Debug|Any CPU
		{D7867A0F-D4C8-4648-B5A6-CDD4006AF9AE}.Release|Any CPU.ActiveCfg = Release|Any CPU
		{D7867A0F-D4C8-4648-B5A6-CDD4006AF9AE}.Release|Any CPU.Build.0 = Release|Any CPU
		{D7867A0F-D4C8-4648-B5A6-CDD4006AF9AE}.Release|Any CPU.Deploy.0 = Release|Any CPU
		{EA4A79D3-5B63-4258-9315-362DD8AD2DBB}.Debug|Any CPU.ActiveCfg = Debug|Any CPU
		{EA4A79D3-5B63-4258-9315-362DD8AD2DBB}.Debug|Any CPU.Build.0 = Debug|Any CPU
		{EA4A79D3-5B63-4258-9315-362DD8AD2DBB}.Release|Any CPU.ActiveCfg = Release|Any CPU
		{EA4A79D3-5B63-4258-9315-362DD8AD2DBB}.Release|Any CPU.Build.0 = Release|Any CPU
		{D8D3B9EA-83FB-449A-961D-3AA287B3381C}.Debug|Any CPU.ActiveCfg = Debug|Any CPU
		{D8D3B9EA-83FB-449A-961D-3AA287B3381C}.Debug|Any CPU.Build.0 = Debug|Any CPU
		{D8D3B9EA-83FB-449A-961D-3AA287B3381C}.Release|Any CPU.ActiveCfg = Release|Any CPU
		{D8D3B9EA-83FB-449A-961D-3AA287B3381C}.Release|Any CPU.Build.0 = Release|Any CPU
		{BFCA81BE-9F5A-4C96-92BA-1E210967F1C9}.Debug|Any CPU.ActiveCfg = Debug|Any CPU
		{BFCA81BE-9F5A-4C96-92BA-1E210967F1C9}.Debug|Any CPU.Build.0 = Debug|Any CPU
		{BFCA81BE-9F5A-4C96-92BA-1E210967F1C9}.Release|Any CPU.ActiveCfg = Release|Any CPU
		{BFCA81BE-9F5A-4C96-92BA-1E210967F1C9}.Release|Any CPU.Build.0 = Release|Any CPU
		{E9B81C44-4574-4099-9FA3-832838580F76}.Debug|Any CPU.ActiveCfg = Debug|Any CPU
		{E9B81C44-4574-4099-9FA3-832838580F76}.Debug|Any CPU.Build.0 = Debug|Any CPU
		{E9B81C44-4574-4099-9FA3-832838580F76}.Release|Any CPU.ActiveCfg = Release|Any CPU
		{E9B81C44-4574-4099-9FA3-832838580F76}.Release|Any CPU.Build.0 = Release|Any CPU
		{32433017-2EB7-4ED6-A085-E6A15EB3D9E0}.Debug|Any CPU.ActiveCfg = Debug|Any CPU
		{32433017-2EB7-4ED6-A085-E6A15EB3D9E0}.Debug|Any CPU.Build.0 = Debug|Any CPU
		{32433017-2EB7-4ED6-A085-E6A15EB3D9E0}.Release|Any CPU.ActiveCfg = Release|Any CPU
		{32433017-2EB7-4ED6-A085-E6A15EB3D9E0}.Release|Any CPU.Build.0 = Release|Any CPU
		{9FA7C51D-2C23-454C-9B35-7C6E5BC6B092}.Debug|Any CPU.ActiveCfg = Debug|Any CPU
		{9FA7C51D-2C23-454C-9B35-7C6E5BC6B092}.Debug|Any CPU.Build.0 = Debug|Any CPU
		{9FA7C51D-2C23-454C-9B35-7C6E5BC6B092}.Release|Any CPU.ActiveCfg = Release|Any CPU
		{9FA7C51D-2C23-454C-9B35-7C6E5BC6B092}.Release|Any CPU.Build.0 = Release|Any CPU
		{B451A1DC-0463-412F-80D2-81F95E787750}.Debug|Any CPU.ActiveCfg = Debug|Any CPU
		{B451A1DC-0463-412F-80D2-81F95E787750}.Debug|Any CPU.Build.0 = Debug|Any CPU
		{B451A1DC-0463-412F-80D2-81F95E787750}.Release|Any CPU.ActiveCfg = Release|Any CPU
		{B451A1DC-0463-412F-80D2-81F95E787750}.Release|Any CPU.Build.0 = Release|Any CPU
		{D2F03CFF-DF50-4B92-A793-301935FDB510}.Debug|Any CPU.ActiveCfg = Debug|Any CPU
		{D2F03CFF-DF50-4B92-A793-301935FDB510}.Debug|Any CPU.Build.0 = Debug|Any CPU
		{D2F03CFF-DF50-4B92-A793-301935FDB510}.Release|Any CPU.ActiveCfg = Release|Any CPU
		{D2F03CFF-DF50-4B92-A793-301935FDB510}.Release|Any CPU.Build.0 = Release|Any CPU
		{2295BC2F-B11A-4396-AC66-E725BC837E52}.Debug|Any CPU.ActiveCfg = Debug|Any CPU
		{2295BC2F-B11A-4396-AC66-E725BC837E52}.Debug|Any CPU.Build.0 = Debug|Any CPU
		{2295BC2F-B11A-4396-AC66-E725BC837E52}.Release|Any CPU.ActiveCfg = Release|Any CPU
		{2295BC2F-B11A-4396-AC66-E725BC837E52}.Release|Any CPU.Build.0 = Release|Any CPU
		{2F56A254-E164-4421-87CB-C28CD9ECD15F}.Debug|Any CPU.ActiveCfg = Debug|Any CPU
		{2F56A254-E164-4421-87CB-C28CD9ECD15F}.Debug|Any CPU.Build.0 = Debug|Any CPU
		{2F56A254-E164-4421-87CB-C28CD9ECD15F}.Release|Any CPU.ActiveCfg = Release|Any CPU
		{2F56A254-E164-4421-87CB-C28CD9ECD15F}.Release|Any CPU.Build.0 = Release|Any CPU
		{553E78DD-0ED5-41F5-83E6-1E202C8AE44B}.Debug|Any CPU.ActiveCfg = Debug|Any CPU
		{553E78DD-0ED5-41F5-83E6-1E202C8AE44B}.Debug|Any CPU.Build.0 = Debug|Any CPU
		{553E78DD-0ED5-41F5-83E6-1E202C8AE44B}.Release|Any CPU.ActiveCfg = Release|Any CPU
		{553E78DD-0ED5-41F5-83E6-1E202C8AE44B}.Release|Any CPU.Build.0 = Release|Any CPU
		{F74F6723-0F43-4D5C-AB0E-A287FF56B21D}.Debug|Any CPU.ActiveCfg = Debug|Any CPU
		{F74F6723-0F43-4D5C-AB0E-A287FF56B21D}.Debug|Any CPU.Build.0 = Debug|Any CPU
		{F74F6723-0F43-4D5C-AB0E-A287FF56B21D}.Release|Any CPU.ActiveCfg = Release|Any CPU
		{F74F6723-0F43-4D5C-AB0E-A287FF56B21D}.Release|Any CPU.Build.0 = Release|Any CPU
		{D0DEB3D4-8522-487A-A3D3-B6F040A69430}.Debug|Any CPU.ActiveCfg = Debug|Any CPU
		{D0DEB3D4-8522-487A-A3D3-B6F040A69430}.Debug|Any CPU.Build.0 = Debug|Any CPU
		{D0DEB3D4-8522-487A-A3D3-B6F040A69430}.Release|Any CPU.ActiveCfg = Release|Any CPU
		{D0DEB3D4-8522-487A-A3D3-B6F040A69430}.Release|Any CPU.Build.0 = Release|Any CPU
		{C5EC74C6-77FC-44D0-98C3-C39AFCC500D4}.Debug|Any CPU.ActiveCfg = Debug|Any CPU
		{C5EC74C6-77FC-44D0-98C3-C39AFCC500D4}.Debug|Any CPU.Build.0 = Debug|Any CPU
		{C5EC74C6-77FC-44D0-98C3-C39AFCC500D4}.Release|Any CPU.ActiveCfg = Release|Any CPU
		{C5EC74C6-77FC-44D0-98C3-C39AFCC500D4}.Release|Any CPU.Build.0 = Release|Any CPU
		{EF99E376-6E8D-4015-9A85-5B01537C8E7E}.Debug|Any CPU.ActiveCfg = Debug|Any CPU
		{EF99E376-6E8D-4015-9A85-5B01537C8E7E}.Debug|Any CPU.Build.0 = Debug|Any CPU
		{EF99E376-6E8D-4015-9A85-5B01537C8E7E}.Release|Any CPU.ActiveCfg = Release|Any CPU
		{EF99E376-6E8D-4015-9A85-5B01537C8E7E}.Release|Any CPU.Build.0 = Release|Any CPU
		{055CB038-4E4A-4E2F-B532-8D590D21033C}.Debug|Any CPU.ActiveCfg = Debug|Any CPU
		{055CB038-4E4A-4E2F-B532-8D590D21033C}.Debug|Any CPU.Build.0 = Debug|Any CPU
		{055CB038-4E4A-4E2F-B532-8D590D21033C}.Release|Any CPU.ActiveCfg = Release|Any CPU
		{055CB038-4E4A-4E2F-B532-8D590D21033C}.Release|Any CPU.Build.0 = Release|Any CPU
		{7824643D-297A-4C46-AE00-24F51279C6C2}.Debug|Any CPU.ActiveCfg = Debug|Any CPU
		{7824643D-297A-4C46-AE00-24F51279C6C2}.Debug|Any CPU.Build.0 = Debug|Any CPU
		{7824643D-297A-4C46-AE00-24F51279C6C2}.Release|Any CPU.ActiveCfg = Release|Any CPU
		{7824643D-297A-4C46-AE00-24F51279C6C2}.Release|Any CPU.Build.0 = Release|Any CPU
		{B0FD236C-B4AF-481F-B427-3D9029E12A4D}.Debug|Any CPU.ActiveCfg = Debug|Any CPU
		{B0FD236C-B4AF-481F-B427-3D9029E12A4D}.Debug|Any CPU.Build.0 = Debug|Any CPU
		{B0FD236C-B4AF-481F-B427-3D9029E12A4D}.Release|Any CPU.ActiveCfg = Release|Any CPU
		{B0FD236C-B4AF-481F-B427-3D9029E12A4D}.Release|Any CPU.Build.0 = Release|Any CPU
		{455F5F9A-C3AA-4757-AA13-89AF514784DB}.Debug|Any CPU.ActiveCfg = Debug|Any CPU
		{455F5F9A-C3AA-4757-AA13-89AF514784DB}.Debug|Any CPU.Build.0 = Debug|Any CPU
		{455F5F9A-C3AA-4757-AA13-89AF514784DB}.Release|Any CPU.ActiveCfg = Release|Any CPU
		{455F5F9A-C3AA-4757-AA13-89AF514784DB}.Release|Any CPU.Build.0 = Release|Any CPU
		{D32E1B54-7B1F-44CF-A526-40595A982C20}.Debug|Any CPU.ActiveCfg = Debug|Any CPU
		{D32E1B54-7B1F-44CF-A526-40595A982C20}.Debug|Any CPU.Build.0 = Debug|Any CPU
		{D32E1B54-7B1F-44CF-A526-40595A982C20}.Release|Any CPU.ActiveCfg = Release|Any CPU
		{D32E1B54-7B1F-44CF-A526-40595A982C20}.Release|Any CPU.Build.0 = Release|Any CPU
		{CA6D7869-833E-4AC1-AA5F-6C0D9D421A43}.Debug|Any CPU.ActiveCfg = Debug|Any CPU
		{CA6D7869-833E-4AC1-AA5F-6C0D9D421A43}.Debug|Any CPU.Build.0 = Debug|Any CPU
		{CA6D7869-833E-4AC1-AA5F-6C0D9D421A43}.Release|Any CPU.ActiveCfg = Release|Any CPU
		{CA6D7869-833E-4AC1-AA5F-6C0D9D421A43}.Release|Any CPU.Build.0 = Release|Any CPU
		{8B64B5CF-6C36-4215-BD45-246EE9473474}.Debug|Any CPU.ActiveCfg = Debug|Any CPU
		{8B64B5CF-6C36-4215-BD45-246EE9473474}.Debug|Any CPU.Build.0 = Debug|Any CPU
		{8B64B5CF-6C36-4215-BD45-246EE9473474}.Release|Any CPU.ActiveCfg = Release|Any CPU
		{8B64B5CF-6C36-4215-BD45-246EE9473474}.Release|Any CPU.Build.0 = Release|Any CPU
		{E89EAB31-6476-4639-AE53-A8125D1EC5B1}.Debug|Any CPU.ActiveCfg = Debug|Any CPU
		{E89EAB31-6476-4639-AE53-A8125D1EC5B1}.Debug|Any CPU.Build.0 = Debug|Any CPU
		{E89EAB31-6476-4639-AE53-A8125D1EC5B1}.Release|Any CPU.ActiveCfg = Release|Any CPU
		{E89EAB31-6476-4639-AE53-A8125D1EC5B1}.Release|Any CPU.Build.0 = Release|Any CPU
		{A2BBD6EA-711B-4F1F-A6F1-C012D04495ED}.Debug|Any CPU.ActiveCfg = Debug|Any CPU
		{A2BBD6EA-711B-4F1F-A6F1-C012D04495ED}.Debug|Any CPU.Build.0 = Debug|Any CPU
		{A2BBD6EA-711B-4F1F-A6F1-C012D04495ED}.Release|Any CPU.ActiveCfg = Release|Any CPU
		{A2BBD6EA-711B-4F1F-A6F1-C012D04495ED}.Release|Any CPU.Build.0 = Release|Any CPU
		{51173305-A151-4CAD-8660-95090A9AF578}.Debug|Any CPU.ActiveCfg = Debug|Any CPU
		{51173305-A151-4CAD-8660-95090A9AF578}.Debug|Any CPU.Build.0 = Debug|Any CPU
		{51173305-A151-4CAD-8660-95090A9AF578}.Release|Any CPU.ActiveCfg = Release|Any CPU
		{51173305-A151-4CAD-8660-95090A9AF578}.Release|Any CPU.Build.0 = Release|Any CPU
		{234F9F12-F4EB-4C21-98E9-12B23B1F2004}.Debug|Any CPU.ActiveCfg = Debug|Any CPU
		{234F9F12-F4EB-4C21-98E9-12B23B1F2004}.Debug|Any CPU.Build.0 = Debug|Any CPU
		{234F9F12-F4EB-4C21-98E9-12B23B1F2004}.Release|Any CPU.ActiveCfg = Release|Any CPU
		{234F9F12-F4EB-4C21-98E9-12B23B1F2004}.Release|Any CPU.Build.0 = Release|Any CPU
		{80507D46-98C5-497C-9DFE-7E014C7C2906}.Debug|Any CPU.ActiveCfg = Debug|Any CPU
		{80507D46-98C5-497C-9DFE-7E014C7C2906}.Debug|Any CPU.Build.0 = Debug|Any CPU
		{80507D46-98C5-497C-9DFE-7E014C7C2906}.Release|Any CPU.ActiveCfg = Release|Any CPU
		{80507D46-98C5-497C-9DFE-7E014C7C2906}.Release|Any CPU.Build.0 = Release|Any CPU
		{68C37037-EE4C-4A3C-A90F-A021EF7C0C8D}.Debug|Any CPU.ActiveCfg = Debug|Any CPU
		{68C37037-EE4C-4A3C-A90F-A021EF7C0C8D}.Debug|Any CPU.Build.0 = Debug|Any CPU
		{68C37037-EE4C-4A3C-A90F-A021EF7C0C8D}.Release|Any CPU.ActiveCfg = Release|Any CPU
		{68C37037-EE4C-4A3C-A90F-A021EF7C0C8D}.Release|Any CPU.Build.0 = Release|Any CPU
		{FD19E4C4-A694-40A7-887F-98E15CAAC0D3}.Debug|Any CPU.ActiveCfg = Debug|Any CPU
		{FD19E4C4-A694-40A7-887F-98E15CAAC0D3}.Debug|Any CPU.Build.0 = Debug|Any CPU
		{FD19E4C4-A694-40A7-887F-98E15CAAC0D3}.Release|Any CPU.ActiveCfg = Release|Any CPU
		{FD19E4C4-A694-40A7-887F-98E15CAAC0D3}.Release|Any CPU.Build.0 = Release|Any CPU
		{62F3C7AA-1510-4E9F-A3A0-8E60951C143E}.Debug|Any CPU.ActiveCfg = Debug|Any CPU
		{62F3C7AA-1510-4E9F-A3A0-8E60951C143E}.Debug|Any CPU.Build.0 = Debug|Any CPU
		{62F3C7AA-1510-4E9F-A3A0-8E60951C143E}.Release|Any CPU.ActiveCfg = Release|Any CPU
		{62F3C7AA-1510-4E9F-A3A0-8E60951C143E}.Release|Any CPU.Build.0 = Release|Any CPU
		{3ED14111-BCE7-410A-9F42-D226E6E078A4}.Debug|Any CPU.ActiveCfg = Debug|Any CPU
		{3ED14111-BCE7-410A-9F42-D226E6E078A4}.Debug|Any CPU.Build.0 = Debug|Any CPU
		{3ED14111-BCE7-410A-9F42-D226E6E078A4}.Release|Any CPU.ActiveCfg = Release|Any CPU
		{3ED14111-BCE7-410A-9F42-D226E6E078A4}.Release|Any CPU.Build.0 = Release|Any CPU
		{2007B239-FF61-4297-A1A6-476322321BD7}.Debug|Any CPU.ActiveCfg = Debug|Any CPU
		{2007B239-FF61-4297-A1A6-476322321BD7}.Debug|Any CPU.Build.0 = Debug|Any CPU
		{2007B239-FF61-4297-A1A6-476322321BD7}.Release|Any CPU.ActiveCfg = Release|Any CPU
		{2007B239-FF61-4297-A1A6-476322321BD7}.Release|Any CPU.Build.0 = Release|Any CPU
		{7F8BF764-B995-409F-8C53-65BC7BFD5C2F}.Debug|Any CPU.ActiveCfg = Debug|Any CPU
		{7F8BF764-B995-409F-8C53-65BC7BFD5C2F}.Debug|Any CPU.Build.0 = Debug|Any CPU
		{7F8BF764-B995-409F-8C53-65BC7BFD5C2F}.Release|Any CPU.ActiveCfg = Release|Any CPU
		{7F8BF764-B995-409F-8C53-65BC7BFD5C2F}.Release|Any CPU.Build.0 = Release|Any CPU
		{A47CB9C5-A04B-49C0-85AA-B989C6D84BED}.Debug|Any CPU.ActiveCfg = Debug|Any CPU
		{A47CB9C5-A04B-49C0-85AA-B989C6D84BED}.Debug|Any CPU.Build.0 = Debug|Any CPU
		{A47CB9C5-A04B-49C0-85AA-B989C6D84BED}.Release|Any CPU.ActiveCfg = Release|Any CPU
		{A47CB9C5-A04B-49C0-85AA-B989C6D84BED}.Release|Any CPU.Build.0 = Release|Any CPU
		{871EC46C-F753-4829-BC48-810CA4E6955A}.Debug|Any CPU.ActiveCfg = Debug|Any CPU
		{871EC46C-F753-4829-BC48-810CA4E6955A}.Debug|Any CPU.Build.0 = Debug|Any CPU
		{871EC46C-F753-4829-BC48-810CA4E6955A}.Release|Any CPU.ActiveCfg = Release|Any CPU
		{871EC46C-F753-4829-BC48-810CA4E6955A}.Release|Any CPU.Build.0 = Release|Any CPU
		{F19E3500-F64D-4457-A929-1C37FB39CC59}.Debug|Any CPU.ActiveCfg = Debug|Any CPU
		{F19E3500-F64D-4457-A929-1C37FB39CC59}.Debug|Any CPU.Build.0 = Debug|Any CPU
		{F19E3500-F64D-4457-A929-1C37FB39CC59}.Release|Any CPU.ActiveCfg = Release|Any CPU
		{F19E3500-F64D-4457-A929-1C37FB39CC59}.Release|Any CPU.Build.0 = Release|Any CPU
		{DF6CCEFA-4F12-41FA-8E96-E6976D89AC41}.Debug|Any CPU.ActiveCfg = Debug|Any CPU
		{DF6CCEFA-4F12-41FA-8E96-E6976D89AC41}.Debug|Any CPU.Build.0 = Debug|Any CPU
		{DF6CCEFA-4F12-41FA-8E96-E6976D89AC41}.Release|Any CPU.ActiveCfg = Release|Any CPU
		{DF6CCEFA-4F12-41FA-8E96-E6976D89AC41}.Release|Any CPU.Build.0 = Release|Any CPU
		{481CE384-84E1-4EA7-A8EE-5FACAD4BBB23}.Debug|Any CPU.ActiveCfg = Debug|Any CPU
		{481CE384-84E1-4EA7-A8EE-5FACAD4BBB23}.Debug|Any CPU.Build.0 = Debug|Any CPU
		{481CE384-84E1-4EA7-A8EE-5FACAD4BBB23}.Release|Any CPU.ActiveCfg = Release|Any CPU
		{481CE384-84E1-4EA7-A8EE-5FACAD4BBB23}.Release|Any CPU.Build.0 = Release|Any CPU
		{E2501392-2F3C-4FDD-8B95-8C9059E5B4D7}.Debug|Any CPU.ActiveCfg = Debug|Any CPU
		{E2501392-2F3C-4FDD-8B95-8C9059E5B4D7}.Debug|Any CPU.Build.0 = Debug|Any CPU
		{E2501392-2F3C-4FDD-8B95-8C9059E5B4D7}.Release|Any CPU.ActiveCfg = Release|Any CPU
		{E2501392-2F3C-4FDD-8B95-8C9059E5B4D7}.Release|Any CPU.Build.0 = Release|Any CPU
	EndGlobalSection
	GlobalSection(SolutionProperties) = preSolution
		HideSolutionNode = FALSE
	EndGlobalSection
	GlobalSection(NestedProjects) = preSolution
		{6E8F33BB-2EAE-4582-8BDB-C6395C5703A8} = {B448F306-A893-42D0-9F4C-2D239C4C99F7}
		{9CA8CA0E-C847-4072-B29E-95F779E47ADF} = {0E6F3C16-2D1E-4FDC-9020-2F2034D22917}
		{D458CA0E-4072-C847-B29E-12F559E47ADF} = {0E6F3C16-2D1E-4FDC-9020-2F2034D22917}
		{1F518EB4-9579-489E-BCFD-9EAFE769933F} = {B1233878-1BE4-4BB9-B076-61BAC3D82955}
		{F030A6DD-82A6-4F7E-AAA5-7BDC93C0502E} = {385E7CA7-8210-4F3F-BA13-E6BD98C0A91C}
		{EB840A0F-A6F0-405C-AD95-74E8B555B7A0} = {385E7CA7-8210-4F3F-BA13-E6BD98C0A91C}
		{99CE6AAF-5CC2-41A7-8808-2736CB07170A} = {385E7CA7-8210-4F3F-BA13-E6BD98C0A91C}
		{F09C4AF3-9069-4DED-A26D-035511BA908E} = {385E7CA7-8210-4F3F-BA13-E6BD98C0A91C}
		{086DE3B5-C2DE-48E1-B89E-A331DBCA944D} = {385E7CA7-8210-4F3F-BA13-E6BD98C0A91C}
		{B8857A48-6940-4123-ACFC-8FD535B10A5F} = {EB840A0F-A6F0-405C-AD95-74E8B555B7A0}
		{97BE86F1-DDF1-45FC-81B4-0B1611C0C61B} = {EB840A0F-A6F0-405C-AD95-74E8B555B7A0}
		{1B59553A-5CCB-421B-867C-DA056C799A34} = {EB840A0F-A6F0-405C-AD95-74E8B555B7A0}
		{9CBEFC55-FD14-4E13-988B-1E8924DC8AA4} = {EB840A0F-A6F0-405C-AD95-74E8B555B7A0}
		{A0C7A70D-7AC7-42B2-884B-6AF3BA3C9541} = {99CE6AAF-5CC2-41A7-8808-2736CB07170A}
		{A3144435-0B2A-418A-9C25-8E0F12FE3AB9} = {99CE6AAF-5CC2-41A7-8808-2736CB07170A}
		{3F810594-7889-41B7-B06A-47791C913E30} = {99CE6AAF-5CC2-41A7-8808-2736CB07170A}
		{E12CF4F3-0993-4B28-B281-F5ACCDA3CD98} = {99CE6AAF-5CC2-41A7-8808-2736CB07170A}
		{94C14CDD-178F-4BFB-A7B6-6F81E0A83335} = {F09C4AF3-9069-4DED-A26D-035511BA908E}
		{26DD961F-AA55-4E8E-92A2-FF24BD9C8CCB} = {F09C4AF3-9069-4DED-A26D-035511BA908E}
		{AC9C26A1-025A-4D5A-AB5D-A94F18ACF752} = {F09C4AF3-9069-4DED-A26D-035511BA908E}
		{1624C8CC-5E6B-4E67-8329-9C927F4162D8} = {F09C4AF3-9069-4DED-A26D-035511BA908E}
		{A32DC5AE-F902-41BF-BF5D-4555BE64E3A9} = {086DE3B5-C2DE-48E1-B89E-A331DBCA944D}
		{A61682EC-D662-44E8-B484-D4A915ADEC44} = {086DE3B5-C2DE-48E1-B89E-A331DBCA944D}
		{202A89BC-8C87-4657-9ECD-A6CC932D8250} = {086DE3B5-C2DE-48E1-B89E-A331DBCA944D}
		{37FB9A07-80F9-4A1F-8489-880B11173546} = {086DE3B5-C2DE-48E1-B89E-A331DBCA944D}
		{6F7204B4-23B6-45EB-918A-DD869B1B6A98} = {013B1BFA-086A-4A03-A852-609A270BE9D5}
		{D7867A0F-D4C8-4648-B5A6-CDD4006AF9AE} = {013B1BFA-086A-4A03-A852-609A270BE9D5}
		{EA4A79D3-5B63-4258-9315-362DD8AD2DBB} = {013B1BFA-086A-4A03-A852-609A270BE9D5}
		{D8D3B9EA-83FB-449A-961D-3AA287B3381C} = {013B1BFA-086A-4A03-A852-609A270BE9D5}
		{BFCA81BE-9F5A-4C96-92BA-1E210967F1C9} = {F030A6DD-82A6-4F7E-AAA5-7BDC93C0502E}
		{E9B81C44-4574-4099-9FA3-832838580F76} = {F030A6DD-82A6-4F7E-AAA5-7BDC93C0502E}
		{32433017-2EB7-4ED6-A085-E6A15EB3D9E0} = {F030A6DD-82A6-4F7E-AAA5-7BDC93C0502E}
		{9FA7C51D-2C23-454C-9B35-7C6E5BC6B092} = {F030A6DD-82A6-4F7E-AAA5-7BDC93C0502E}
		{B451A1DC-0463-412F-80D2-81F95E787750} = {B448F306-A893-42D0-9F4C-2D239C4C99F7}
		{D2F03CFF-DF50-4B92-A793-301935FDB510} = {B448F306-A893-42D0-9F4C-2D239C4C99F7}
		{2295BC2F-B11A-4396-AC66-E725BC837E52} = {B448F306-A893-42D0-9F4C-2D239C4C99F7}
		{2F56A254-E164-4421-87CB-C28CD9ECD15F} = {B448F306-A893-42D0-9F4C-2D239C4C99F7}
		{553E78DD-0ED5-41F5-83E6-1E202C8AE44B} = {B448F306-A893-42D0-9F4C-2D239C4C99F7}
		{F74F6723-0F43-4D5C-AB0E-A287FF56B21D} = {B448F306-A893-42D0-9F4C-2D239C4C99F7}
		{D0DEB3D4-8522-487A-A3D3-B6F040A69430} = {B448F306-A893-42D0-9F4C-2D239C4C99F7}
		{C5EC74C6-77FC-44D0-98C3-C39AFCC500D4} = {B448F306-A893-42D0-9F4C-2D239C4C99F7}
		{EF99E376-6E8D-4015-9A85-5B01537C8E7E} = {B448F306-A893-42D0-9F4C-2D239C4C99F7}
		{055CB038-4E4A-4E2F-B532-8D590D21033C} = {B448F306-A893-42D0-9F4C-2D239C4C99F7}
		{7824643D-297A-4C46-AE00-24F51279C6C2} = {F030A6DD-82A6-4F7E-AAA5-7BDC93C0502E}
		{B0FD236C-B4AF-481F-B427-3D9029E12A4D} = {EB840A0F-A6F0-405C-AD95-74E8B555B7A0}
		{455F5F9A-C3AA-4757-AA13-89AF514784DB} = {99CE6AAF-5CC2-41A7-8808-2736CB07170A}
		{D32E1B54-7B1F-44CF-A526-40595A982C20} = {F09C4AF3-9069-4DED-A26D-035511BA908E}
		{CA6D7869-833E-4AC1-AA5F-6C0D9D421A43} = {086DE3B5-C2DE-48E1-B89E-A331DBCA944D}
		{8B64B5CF-6C36-4215-BD45-246EE9473474} = {EB840A0F-A6F0-405C-AD95-74E8B555B7A0}
		{E89EAB31-6476-4639-AE53-A8125D1EC5B1} = {99CE6AAF-5CC2-41A7-8808-2736CB07170A}
		{A2BBD6EA-711B-4F1F-A6F1-C012D04495ED} = {F09C4AF3-9069-4DED-A26D-035511BA908E}
		{51173305-A151-4CAD-8660-95090A9AF578} = {086DE3B5-C2DE-48E1-B89E-A331DBCA944D}
		{234F9F12-F4EB-4C21-98E9-12B23B1F2004} = {B448F306-A893-42D0-9F4C-2D239C4C99F7}
		{80507D46-98C5-497C-9DFE-7E014C7C2906} = {F030A6DD-82A6-4F7E-AAA5-7BDC93C0502E}
		{68C37037-EE4C-4A3C-A90F-A021EF7C0C8D} = {EB840A0F-A6F0-405C-AD95-74E8B555B7A0}
		{FD19E4C4-A694-40A7-887F-98E15CAAC0D3} = {99CE6AAF-5CC2-41A7-8808-2736CB07170A}
		{62F3C7AA-1510-4E9F-A3A0-8E60951C143E} = {F09C4AF3-9069-4DED-A26D-035511BA908E}
		{3ED14111-BCE7-410A-9F42-D226E6E078A4} = {086DE3B5-C2DE-48E1-B89E-A331DBCA944D}
		{2007B239-FF61-4297-A1A6-476322321BD7} = {B448F306-A893-42D0-9F4C-2D239C4C99F7}
		{7F8BF764-B995-409F-8C53-65BC7BFD5C2F} = {F030A6DD-82A6-4F7E-AAA5-7BDC93C0502E}
		{A47CB9C5-A04B-49C0-85AA-B989C6D84BED} = {0E6F3C16-2D1E-4FDC-9020-2F2034D22917}
		{871EC46C-F753-4829-BC48-810CA4E6955A} = {F030A6DD-82A6-4F7E-AAA5-7BDC93C0502E}
		{F19E3500-F64D-4457-A929-1C37FB39CC59} = {EB840A0F-A6F0-405C-AD95-74E8B555B7A0}
		{DF6CCEFA-4F12-41FA-8E96-E6976D89AC41} = {99CE6AAF-5CC2-41A7-8808-2736CB07170A}
		{481CE384-84E1-4EA7-A8EE-5FACAD4BBB23} = {F09C4AF3-9069-4DED-A26D-035511BA908E}
		{E2501392-2F3C-4FDD-8B95-8C9059E5B4D7} = {086DE3B5-C2DE-48E1-B89E-A331DBCA944D}
		{26F2A7A7-6830-4DA4-9C78-0EA193143CE7} = {00F9D6E6-9899-4DE4-A8B5-FF228AD6B948}
		{01AACB30-15A1-4DB1-AD16-20FAA43F7F40} = {00F9D6E6-9899-4DE4-A8B5-FF228AD6B948}
	EndGlobalSection
	GlobalSection(ExtensibilityGlobals) = postSolution
		SolutionGuid = {5D9A0272-73E2-49BA-87C8-20881814B17B}
	EndGlobalSection
EndGlobal
